
Microsoft Visual Studio Solution File, Format Version 12.00
# Visual Studio 15
VisualStudioVersion = 15.0.28307.168
MinimumVisualStudioVersion = 10.0.40219.1
Project("{FAE04EC0-301F-11D3-BF4B-00C04F79EFBC}") = "Enums", "Enums.csproj", "{DCD5D477-4911-457F-92DB-4D6BD9725B88}"
EndProject
Global
	GlobalSection(SolutionConfigurationPlatforms) = preSolution
		Debug|Any CPU = Debug|Any CPU
		Release|Any CPU = Release|Any CPU
	EndGlobalSection
	GlobalSection(ProjectConfigurationPlatforms) = postSolution
		{DCD5D477-4911-457F-92DB-4D6BD9725B88}.Debug|Any CPU.ActiveCfg = Debug|Any CPU
		{DCD5D477-4911-457F-92DB-4D6BD9725B88}.Debug|Any CPU.Build.0 = Debug|Any CPU
		{DCD5D477-4911-457F-92DB-4D6BD9725B88}.Release|Any CPU.ActiveCfg = Release|Any CPU
		{DCD5D477-4911-457F-92DB-4D6BD9725B88}.Release|Any CPU.Build.0 = Release|Any CPU
	EndGlobalSection
	GlobalSection(SolutionProperties) = preSolution
		HideSolutionNode = FALSE
	EndGlobalSection
	GlobalSection(ExtensibilityGlobals) = postSolution
		SolutionGuid = {F6B3EB1E-9586-42B2-B04C-3EC3F7DB2428}
	EndGlobalSection
EndGlobal
