
Microsoft Visual Studio Solution File, Format Version 12.00
# Visual Studio 15
VisualStudioVersion = 15.0.28307.168
MinimumVisualStudioVersion = 10.0.40219.1
Project("{FAE04EC0-301F-11D3-BF4B-00C04F79EFBC}") = "MvcTutorial", "MvcTutorial\MvcTutorial.csproj", "{185A4141-D312-4328-B352-CC311099C91D}"
EndProject
Global
	GlobalSection(SolutionConfigurationPlatforms) = preSolution
		Debug|Any CPU = Debug|Any CPU
		Release|Any CPU = Release|Any CPU
	EndGlobalSection
	GlobalSection(ProjectConfigurationPlatforms) = postSolution
		{185A4141-D312-4328-B352-CC311099C91D}.Debug|Any CPU.ActiveCfg = Debug|Any CPU
		{185A4141-D312-4328-B352-CC311099C91D}.Debug|Any CPU.Build.0 = Debug|Any CPU
		{185A4141-D312-4328-B352-CC311099C91D}.Release|Any CPU.ActiveCfg = Release|Any CPU
		{185A4141-D312-4328-B352-CC311099C91D}.Release|Any CPU.Build.0 = Release|Any CPU
	EndGlobalSection
	GlobalSection(SolutionProperties) = preSolution
		HideSolutionNode = FALSE
	EndGlobalSection
	GlobalSection(ExtensibilityGlobals) = postSolution
		SolutionGuid = {47AD7E9C-1C48-4834-B7B1-AC45563D0971}
	EndGlobalSection
EndGlobal
