
Microsoft Visual Studio Solution File, Format Version 12.00
# Visual Studio 15
VisualStudioVersion = 15.0.28307.168
MinimumVisualStudioVersion = 10.0.40219.1
Project("{FAE04EC0-301F-11D3-BF4B-00C04F79EFBC}") = "NamedParameters", "NamedParameters.csproj", "{F6C92C53-B056-487E-A6E7-C9116D54FC06}"
EndProject
Global
	GlobalSection(SolutionConfigurationPlatforms) = preSolution
		Debug|Any CPU = Debug|Any CPU
		Release|Any CPU = Release|Any CPU
	EndGlobalSection
	GlobalSection(ProjectConfigurationPlatforms) = postSolution
		{F6C92C53-B056-487E-A6E7-C9116D54FC06}.Debug|Any CPU.ActiveCfg = Debug|Any CPU
		{F6C92C53-B056-487E-A6E7-C9116D54FC06}.Debug|Any CPU.Build.0 = Debug|Any CPU
		{F6C92C53-B056-487E-A6E7-C9116D54FC06}.Release|Any CPU.ActiveCfg = Release|Any CPU
		{F6C92C53-B056-487E-A6E7-C9116D54FC06}.Release|Any CPU.Build.0 = Release|Any CPU
	EndGlobalSection
	GlobalSection(SolutionProperties) = preSolution
		HideSolutionNode = FALSE
	EndGlobalSection
	GlobalSection(ExtensibilityGlobals) = postSolution
		SolutionGuid = {C9EB5431-86F2-4069-BE02-E2298D4BD19E}
	EndGlobalSection
EndGlobal
