
Microsoft Visual Studio Solution File, Format Version 12.00
# Visual Studio 15
VisualStudioVersion = 15.0.28307.168
MinimumVisualStudioVersion = 10.0.40219.1
Project("{FAE04EC0-301F-11D3-BF4B-00C04F79EFBC}") = "ChainedConstructors", "ChainedConstructors.csproj", "{9D6FA62B-A5A0-4997-9EC6-2C5D56DF25EF}"
EndProject
Global
	GlobalSection(SolutionConfigurationPlatforms) = preSolution
		Debug|Any CPU = Debug|Any CPU
		Release|Any CPU = Release|Any CPU
	EndGlobalSection
	GlobalSection(ProjectConfigurationPlatforms) = postSolution
		{9D6FA62B-A5A0-4997-9EC6-2C5D56DF25EF}.Debug|Any CPU.ActiveCfg = Debug|Any CPU
		{9D6FA62B-A5A0-4997-9EC6-2C5D56DF25EF}.Debug|Any CPU.Build.0 = Debug|Any CPU
		{9D6FA62B-A5A0-4997-9EC6-2C5D56DF25EF}.Release|Any CPU.ActiveCfg = Release|Any CPU
		{9D6FA62B-A5A0-4997-9EC6-2C5D56DF25EF}.Release|Any CPU.Build.0 = Release|Any CPU
	EndGlobalSection
	GlobalSection(SolutionProperties) = preSolution
		HideSolutionNode = FALSE
	EndGlobalSection
	GlobalSection(ExtensibilityGlobals) = postSolution
		SolutionGuid = {F6AC3AB7-3DB7-4F5A-908A-004C49578071}
	EndGlobalSection
EndGlobal
