
Microsoft Visual Studio Solution File, Format Version 12.00
# Visual Studio 15
VisualStudioVersion = 15.0.28307.168
MinimumVisualStudioVersion = 10.0.40219.1
Project("{FAE04EC0-301F-11D3-BF4B-00C04F79EFBC}") = "OptionalParamsUserInput", "OptionalParamsUserInput.csproj", "{66ED3567-1B97-4021-A988-7B640D0B7EDC}"
EndProject
Global
	GlobalSection(SolutionConfigurationPlatforms) = preSolution
		Debug|Any CPU = Debug|Any CPU
		Release|Any CPU = Release|Any CPU
	EndGlobalSection
	GlobalSection(ProjectConfigurationPlatforms) = postSolution
		{66ED3567-1B97-4021-A988-7B640D0B7EDC}.Debug|Any CPU.ActiveCfg = Debug|Any CPU
		{66ED3567-1B97-4021-A988-7B640D0B7EDC}.Debug|Any CPU.Build.0 = Debug|Any CPU
		{66ED3567-1B97-4021-A988-7B640D0B7EDC}.Release|Any CPU.ActiveCfg = Release|Any CPU
		{66ED3567-1B97-4021-A988-7B640D0B7EDC}.Release|Any CPU.Build.0 = Release|Any CPU
	EndGlobalSection
	GlobalSection(SolutionProperties) = preSolution
		HideSolutionNode = FALSE
	EndGlobalSection
	GlobalSection(ExtensibilityGlobals) = postSolution
		SolutionGuid = {7972479D-6FB7-444D-856D-D816B1D75D89}
	EndGlobalSection
EndGlobal
