
Microsoft Visual Studio Solution File, Format Version 12.00
# Visual Studio 15
VisualStudioVersion = 15.0.28307.168
MinimumVisualStudioVersion = 10.0.40219.1
Project("{FAE04EC0-301F-11D3-BF4B-00C04F79EFBC}") = "Generics", "Generics.csproj", "{3F1A24AA-15B3-4E8C-B821-8CC59ADF2639}"
EndProject
Global
	GlobalSection(SolutionConfigurationPlatforms) = preSolution
		Debug|Any CPU = Debug|Any CPU
		Release|Any CPU = Release|Any CPU
	EndGlobalSection
	GlobalSection(ProjectConfigurationPlatforms) = postSolution
		{3F1A24AA-15B3-4E8C-B821-8CC59ADF2639}.Debug|Any CPU.ActiveCfg = Debug|Any CPU
		{3F1A24AA-15B3-4E8C-B821-8CC59ADF2639}.Debug|Any CPU.Build.0 = Debug|Any CPU
		{3F1A24AA-15B3-4E8C-B821-8CC59ADF2639}.Release|Any CPU.ActiveCfg = Release|Any CPU
		{3F1A24AA-15B3-4E8C-B821-8CC59ADF2639}.Release|Any CPU.Build.0 = Release|Any CPU
	EndGlobalSection
	GlobalSection(SolutionProperties) = preSolution
		HideSolutionNode = FALSE
	EndGlobalSection
	GlobalSection(ExtensibilityGlobals) = postSolution
		SolutionGuid = {B51CADF1-FC44-4835-8088-F001E076787B}
	EndGlobalSection
EndGlobal
